
Microsoft Visual Studio Solution File, Format Version 12.00
# Visual Studio Version 17
VisualStudioVersion = 17.1.32228.430
MinimumVisualStudioVersion = 10.0.40219.1
Project("{9A19103F-16F7-4668-BE54-9A1E7A4F7556}") = "Calculator", "Calculator\Calculator.csproj", "{5D784E1A-8DE0-4FDB-B6AB-5AD359BA2611}"
EndProject
Project("{9A19103F-16F7-4668-BE54-9A1E7A4F7556}") = "CollectionsAndArrays", "Collections\CollectionsAndArrays.csproj", "{7C2B68B6-5509-4C33-97C8-D1360CCE85E4}"
EndProject
Project("{9A19103F-16F7-4668-BE54-9A1E7A4F7556}") = "CollectionsExercise", "CollectionsExercise\CollectionsExercise.csproj", "{53B1C50D-FED0-45AF-813F-E9FDC1266298}"
EndProject
Project("{9A19103F-16F7-4668-BE54-9A1E7A4F7556}") = "CSharpExercise.Domain", "CSharpExercise.Services\CSharpExercise.Domain.csproj", "{6E4508DF-BC5D-4B32-B8EC-DBDB18E56DBD}"
EndProject
Project("{9A19103F-16F7-4668-BE54-9A1E7A4F7556}") = "OperationOnFile", "OperationFile\OperationOnFile.csproj", "{4EC3818C-3C63-444F-B35F-50939C5DE6DF}"
EndProject
Project("{9A19103F-16F7-4668-BE54-9A1E7A4F7556}") = "DatabaseExercise", "DatabaseExercise\DatabaseExercise.csproj", "{CD47099E-F1C3-4AAE-A73E-E46BCFDF6F09}"
EndProject
Project("{FAE04EC0-301F-11D3-BF4B-00C04F79EFBC}") = "Linq", "ConsoleApp1\Linq.csproj", "{E4996E6D-4643-4FD0-ACE9-BFBFE7555858}"
EndProject
Global
	GlobalSection(SolutionConfigurationPlatforms) = preSolution
		Debug|Any CPU = Debug|Any CPU
		Release|Any CPU = Release|Any CPU
	EndGlobalSection
	GlobalSection(ProjectConfigurationPlatforms) = postSolution
		{5D784E1A-8DE0-4FDB-B6AB-5AD359BA2611}.Debug|Any CPU.ActiveCfg = Debug|Any CPU
		{5D784E1A-8DE0-4FDB-B6AB-5AD359BA2611}.Debug|Any CPU.Build.0 = Debug|Any CPU
		{5D784E1A-8DE0-4FDB-B6AB-5AD359BA2611}.Release|Any CPU.ActiveCfg = Release|Any CPU
		{5D784E1A-8DE0-4FDB-B6AB-5AD359BA2611}.Release|Any CPU.Build.0 = Release|Any CPU
		{7C2B68B6-5509-4C33-97C8-D1360CCE85E4}.Debug|Any CPU.ActiveCfg = Debug|Any CPU
		{7C2B68B6-5509-4C33-97C8-D1360CCE85E4}.Debug|Any CPU.Build.0 = Debug|Any CPU
		{7C2B68B6-5509-4C33-97C8-D1360CCE85E4}.Release|Any CPU.ActiveCfg = Release|Any CPU
		{7C2B68B6-5509-4C33-97C8-D1360CCE85E4}.Release|Any CPU.Build.0 = Release|Any CPU
		{53B1C50D-FED0-45AF-813F-E9FDC1266298}.Debug|Any CPU.ActiveCfg = Debug|Any CPU
		{53B1C50D-FED0-45AF-813F-E9FDC1266298}.Debug|Any CPU.Build.0 = Debug|Any CPU
		{53B1C50D-FED0-45AF-813F-E9FDC1266298}.Release|Any CPU.ActiveCfg = Release|Any CPU
		{53B1C50D-FED0-45AF-813F-E9FDC1266298}.Release|Any CPU.Build.0 = Release|Any CPU
		{6E4508DF-BC5D-4B32-B8EC-DBDB18E56DBD}.Debug|Any CPU.ActiveCfg = Debug|Any CPU
		{6E4508DF-BC5D-4B32-B8EC-DBDB18E56DBD}.Debug|Any CPU.Build.0 = Debug|Any CPU
		{6E4508DF-BC5D-4B32-B8EC-DBDB18E56DBD}.Release|Any CPU.ActiveCfg = Release|Any CPU
		{6E4508DF-BC5D-4B32-B8EC-DBDB18E56DBD}.Release|Any CPU.Build.0 = Release|Any CPU
		{4EC3818C-3C63-444F-B35F-50939C5DE6DF}.Debug|Any CPU.ActiveCfg = Debug|Any CPU
		{4EC3818C-3C63-444F-B35F-50939C5DE6DF}.Debug|Any CPU.Build.0 = Debug|Any CPU
		{4EC3818C-3C63-444F-B35F-50939C5DE6DF}.Release|Any CPU.ActiveCfg = Release|Any CPU
		{4EC3818C-3C63-444F-B35F-50939C5DE6DF}.Release|Any CPU.Build.0 = Release|Any CPU
		{CD47099E-F1C3-4AAE-A73E-E46BCFDF6F09}.Debug|Any CPU.ActiveCfg = Debug|Any CPU
		{CD47099E-F1C3-4AAE-A73E-E46BCFDF6F09}.Debug|Any CPU.Build.0 = Debug|Any CPU
		{CD47099E-F1C3-4AAE-A73E-E46BCFDF6F09}.Release|Any CPU.ActiveCfg = Release|Any CPU
		{CD47099E-F1C3-4AAE-A73E-E46BCFDF6F09}.Release|Any CPU.Build.0 = Release|Any CPU
		{E4996E6D-4643-4FD0-ACE9-BFBFE7555858}.Debug|Any CPU.ActiveCfg = Debug|Any CPU
		{E4996E6D-4643-4FD0-ACE9-BFBFE7555858}.Debug|Any CPU.Build.0 = Debug|Any CPU
		{E4996E6D-4643-4FD0-ACE9-BFBFE7555858}.Release|Any CPU.ActiveCfg = Release|Any CPU
		{E4996E6D-4643-4FD0-ACE9-BFBFE7555858}.Release|Any CPU.Build.0 = Release|Any CPU
	EndGlobalSection
	GlobalSection(SolutionProperties) = preSolution
		HideSolutionNode = FALSE
	EndGlobalSection
	GlobalSection(ExtensibilityGlobals) = postSolution
		SolutionGuid = {874ABC76-717B-4195-A94E-CEF25C45AC90}
	EndGlobalSection
EndGlobal
